
Microsoft Visual Studio Solution File, Format Version 12.00
# Visual Studio Version 16
VisualStudioVersion = 16.0.32428.217
MinimumVisualStudioVersion = 10.0.40219.1
Project("{FAE04EC0-301F-11D3-BF4B-00C04F79EFBC}") = "BookStore", "BookStore\BookStore.csproj", "{4EEBFD0A-A805-40E0-B89F-2ABB12311019}"
EndProject
Global
	GlobalSection(SolutionConfigurationPlatforms) = preSolution
		Debug|Any CPU = Debug|Any CPU
		Release|Any CPU = Release|Any CPU
	EndGlobalSection
	GlobalSection(ProjectConfigurationPlatforms) = postSolution
		{4EEBFD0A-A805-40E0-B89F-2ABB12311019}.Debug|Any CPU.ActiveCfg = Debug|Any CPU
		{4EEBFD0A-A805-40E0-B89F-2ABB12311019}.Debug|Any CPU.Build.0 = Debug|Any CPU
		{4EEBFD0A-A805-40E0-B89F-2ABB12311019}.Release|Any CPU.ActiveCfg = Release|Any CPU
		{4EEBFD0A-A805-40E0-B89F-2ABB12311019}.Release|Any CPU.Build.0 = Release|Any CPU
	EndGlobalSection
	GlobalSection(SolutionProperties) = preSolution
		HideSolutionNode = FALSE
	EndGlobalSection
	GlobalSection(ExtensibilityGlobals) = postSolution
		SolutionGuid = {64AC3CB5-13FC-4FD4-BC45-9C31C1BD1748}
	EndGlobalSection
EndGlobal
